{
  "name": "cypress-automation",
  "version": "1.0.0",
  "lockfileVersion": 3,
  "requires": true,
  "packages": {
    "": {
      "name": "cypress-automation",
      "version": "1.0.0",
      "devDependencies": {
        "cypress": "^13.0.0"
      }
    },
    "node_modules/cypress": {
      "version": "13.17.0",
      "resolved": "https://registry.npmjs.org/cypress/-/cypress-13.17.0.tgz",
      "integrity": "sha512-saJTbhbCDjPp1L3PWKF9H7ygMDQmcSYHBTQMaBd7KQoGhEgSuaxvVwZMGDXMFJ5DJXRrqnKMfjBPnFaVDHCw==",
      "dev": true,
      "engines": {
        "node": "^16.0.0 || ^18.0.0 || >=20.0.0"
      }
    }
  }
}
